// !$*UTF8*$!
{
	archiveVersion = 1;
	classes = {
	};
	objectVersion = 39;
	objects = {
		06F27B30FFEEEFEF11CA0E56 = {
			buildSettings = {
				COPY_PHASE_STRIP = NO;
				DEBUGGING_SYMBOLS = YES;
				GCC_DYNAMIC_NO_PIC = NO;
				GCC_ENABLE_FIX_AND_CONTINUE = YES;
				GCC_GENERATE_DEBUGGING_SYMBOLS = YES;
				GCC_OPTIMIZATION_LEVEL = 0;
				OPTIMIZATION_CFLAGS = "-O0";
				ZERO_LINK = YES;
			};
			isa = PBXBuildStyle;
			name = Development;
		};
		06F27B31FFEEEFEF11CA0E56 = {
			buildSettings = {
				COPY_PHASE_STRIP = YES;
				GCC_ENABLE_FIX_AND_CONTINUE = NO;
				ZERO_LINK = NO;
			};
			isa = PBXBuildStyle;
			name = Deployment;
		};
//060
//061
//062
//063
//064
//080
//081
//082
//083
//084
		089C1669FE841209C02AAC07 = {
			buildSettings = {
			};
			buildStyles = (
				06F27B30FFEEEFEF11CA0E56,
				06F27B31FFEEEFEF11CA0E56,
			);
			hasScannedForEncodings = 1;
			isa = PBXProject;
			knownRegions = (
				English,
				Japanese,
				French,
				German,
				pt,
				Spanish,
			);
			mainGroup = 089C166AFE841209C02AAC07;
			projectDirPath = "";
			targets = (
				8D202CE80486D31800D8A456,
				2B8730D6078B6816004B689C,
			);
		};
		089C166AFE841209C02AAC07 = {
			children = (
				08FB77AFFE84173DC02AAC07,
				32DBCFA10370C40200C91783,
				089C167CFE841241C02AAC07,
				089C1671FE841209C02AAC07,
				19C28FB8FE9D52D311CA2CBB,
			);
			isa = PBXGroup;
			name = MySQL;
			refType = 4;
			sourceTree = "<group>";
		};
		089C1671FE841209C02AAC07 = {
			children = (
				1058C7ACFEA557BF11CA2CBB,
				1058C7AEFEA557BF11CA2CBB,
				2B873241078B69DD004B689C,
			);
			isa = PBXGroup;
			name = "Frameworks and Libraries";
			refType = 4;
			sourceTree = "<group>";
		};
		089C1672FE841209C02AAC07 = {
			isa = PBXFileReference;
			lastKnownFileType = wrapper.framework;
			name = Foundation.framework;
			path = /System/Library/Frameworks/Foundation.framework;
			refType = 0;
			sourceTree = "<absolute>";
		};
		089C167CFE841241C02AAC07 = {
			children = (
				2B8739DC078BC285004B689C,
				2B873351078B73A5004B689C,
				8D202CF70486D31800D8A456,
				089C167DFE841241C02AAC07,
				F506C040013D9D8001CA16C8,
				2B873C6A078C7878004B689C,
				2B873C6B078C7878004B689C,
				2B873AF0078BCBFE004B689C,
			);
			isa = PBXGroup;
			name = Resources;
			refType = 4;
			sourceTree = "<group>";
		};
		089C167DFE841241C02AAC07 = {
			children = (
				089C167EFE841241C02AAC07,
			);
			isa = PBXVariantGroup;
			name = InfoPlist.strings;
			refType = 4;
			sourceTree = "<group>";
		};
		089C167EFE841241C02AAC07 = {
			fileEncoding = 10;
			isa = PBXFileReference;
			lastKnownFileType = text.plist.strings;
			name = English;
			path = English.lproj/InfoPlist.strings;
			refType = 4;
			sourceTree = "<group>";
		};
		089C167FFE841241C02AAC07 = {
			isa = PBXFileReference;
			lastKnownFileType = wrapper.framework;
			name = AppKit.framework;
			path = /System/Library/Frameworks/AppKit.framework;
			refType = 0;
			sourceTree = "<absolute>";
		};
		08FB77AFFE84173DC02AAC07 = {
			children = (
				F506C03C013D9D7901CA16C8,
				F506C03D013D9D7901CA16C8,
			);
			isa = PBXGroup;
			name = Classes;
			refType = 4;
			sourceTree = "<group>";
		};
//080
//081
//082
//083
//084
//100
//101
//102
//103
//104
		1058C7ACFEA557BF11CA2CBB = {
			children = (
				1058C7ADFEA557BF11CA2CBB,
				F506C035013D953901CA16C8,
			);
			isa = PBXGroup;
			name = "Linked Frameworks";
			refType = 4;
			sourceTree = "<group>";
		};
		1058C7ADFEA557BF11CA2CBB = {
			isa = PBXFileReference;
			lastKnownFileType = wrapper.framework;
			name = Cocoa.framework;
			path = /System/Library/Frameworks/Cocoa.framework;
			refType = 0;
			sourceTree = "<absolute>";
		};
		1058C7AEFEA557BF11CA2CBB = {
			children = (
				089C1672FE841209C02AAC07,
				089C167FFE841241C02AAC07,
			);
			isa = PBXGroup;
			name = "Other Frameworks";
			refType = 4;
			sourceTree = "<group>";
		};
//100
//101
//102
//103
//104
//190
//191
//192
//193
//194
		19C28FB8FE9D52D311CA2CBB = {
			children = (
				8D202CF80486D31800D8A456,
				2B8730D7078B6816004B689C,
			);
			isa = PBXGroup;
			name = Products;
			refType = 4;
			sourceTree = "<group>";
		};
//190
//191
//192
//193
//194
//2B0
//2B1
//2B2
//2B3
//2B4
		2B6289360842ADA3001FC0B3 = {
			containerPortal = 089C1669FE841209C02AAC07;
			isa = PBXContainerItemProxy;
			proxyType = 1;
			remoteGlobalIDString = 2B8730D6078B6816004B689C;
			remoteInfo = mahelper;
		};
		2B6289370842ADA3001FC0B3 = {
			isa = PBXTargetDependency;
			target = 2B8730D6078B6816004B689C;
			targetProxy = 2B6289360842ADA3001FC0B3;
		};
		2B6289530842B360001FC0B3 = {
			buildActionMask = 2147483647;
			dstPath = "";
			dstSubfolderSpec = 7;
			files = (
				2B6289570842B36D001FC0B3,
			);
			isa = PBXCopyFilesBuildPhase;
			runOnlyForDeploymentPostprocessing = 0;
		};
		2B6289570842B36D001FC0B3 = {
			fileRef = 2B8730D7078B6816004B689C;
			isa = PBXBuildFile;
			settings = {
			};
		};
		2B87309A078B64D2004B689C = {
			fileEncoding = 30;
			isa = PBXFileReference;
			lastKnownFileType = sourcecode.c.c;
			name = mahelper.c;
			path = ../mahelper.c;
			refType = 2;
			sourceTree = SOURCE_ROOT;
		};
		2B87309B078B64D2004B689C = {
			fileEncoding = 30;
			isa = PBXFileReference;
			lastKnownFileType = sourcecode.c.h;
			name = mahelper.h;
			path = ../mahelper.h;
			refType = 2;
			sourceTree = SOURCE_ROOT;
		};
		2B8730D4078B6816004B689C = {
			buildActionMask = 2147483647;
			files = (
				2B8730DA078B6841004B689C,
				2B8730D9078B682B004B689C,
			);
			isa = PBXSourcesBuildPhase;
			runOnlyForDeploymentPostprocessing = 0;
		};
		2B8730D5078B6816004B689C = {
			buildActionMask = 2147483647;
			files = (
				2B873909078BAEE4004B689C,
			);
			isa = PBXFrameworksBuildPhase;
			runOnlyForDeploymentPostprocessing = 0;
		};
		2B8730D6078B6816004B689C = {
			buildPhases = (
				2B8730D4078B6816004B689C,
				2B8730D5078B6816004B689C,
			);
			buildRules = (
			);
			buildSettings = {
				GCC_PREPROCESSOR_DEFINITIONS = "MYSQL_PREFPANE=1";
				INSTALL_PATH = /usr/local/bin;
				OTHER_CFLAGS = "";
				OTHER_LDFLAGS = "";
				OTHER_REZFLAGS = "";
				PRODUCT_NAME = mahelper;
				SECTORDER_FLAGS = "";
				WARNING_CFLAGS = "-Wmost -Wno-four-char-constants -Wno-unknown-pragmas";
			};
			dependencies = (
			);
			isa = PBXNativeTarget;
			name = mahelper;
			productName = mahelper;
			productReference = 2B8730D7078B6816004B689C;
			productType = "com.apple.product-type.tool";
		};
		2B8730D7078B6816004B689C = {
			explicitFileType = "compiled.mach-o.executable";
			includeInIndex = 0;
			isa = PBXFileReference;
			path = mahelper;
			refType = 3;
			sourceTree = BUILT_PRODUCTS_DIR;
		};
		2B8730D9078B682B004B689C = {
			fileRef = 2B87309A078B64D2004B689C;
			isa = PBXBuildFile;
			settings = {
			};
		};
		2B8730DA078B6841004B689C = {
			fileRef = 2B87309B078B64D2004B689C;
			isa = PBXBuildFile;
			settings = {
			};
		};
		2B873241078B69DD004B689C = {
			isa = PBXFileReference;
			lastKnownFileType = wrapper.framework;
			name = Security.framework;
			path = /System/Library/Frameworks/Security.framework;
			refType = 0;
			sourceTree = "<absolute>";
		};
		2B873242078B69DD004B689C = {
			fileRef = 2B873241078B69DD004B689C;
			isa = PBXBuildFile;
			settings = {
			};
		};
		2B87327A078B6A2F004B689C = {
			fileEncoding = 4;
			isa = PBXFileReference;
			lastKnownFileType = sourcecode.c.c;
			name = mhelperlib.c;
			path = ../mhelperlib.c;
			refType = 2;
			sourceTree = SOURCE_ROOT;
		};
		2B87327C078B6A2F004B689C = {
			fileRef = 2B87327A078B6A2F004B689C;
			isa = PBXBuildFile;
			settings = {
			};
		};
		2B873351078B73A5004B689C = {
			isa = PBXFileReference;
			lastKnownFileType = image.png;
			path = mysql_logo.png;
			refType = 4;
			sourceTree = "<group>";
		};
		2B873352078B73A5004B689C = {
			fileRef = 2B873351078B73A5004B689C;
			isa = PBXBuildFile;
			settings = {
			};
		};
		2B873909078BAEE4004B689C = {
			fileRef = 2B873241078B69DD004B689C;
			isa = PBXBuildFile;
			settings = {
			};
		};
		2B8739B1078BC06D004B689C = {
			fileRef = F506C03D013D9D7901CA16C8;
			isa = PBXBuildFile;
			settings = {
			};
		};
		2B8739DA078BC272004B689C = {
			fileEncoding = 30;
			isa = PBXFileReference;
			lastKnownFileType = text.plist.strings;
			name = English;
			path = English.lproj/Localizable.strings;
			refType = 4;
			sourceTree = "<group>";
		};
		2B8739DC078BC285004B689C = {
			children = (
				2B8739DA078BC272004B689C,
				2B8739DE078BC289004B689C,
				2B8739E0078BC297004B689C,
			);
			isa = PBXVariantGroup;
			name = Localizable.strings;
			refType = 4;
			sourceTree = "<group>";
		};
		2B8739DD078BC285004B689C = {
			fileRef = 2B8739DC078BC285004B689C;
			isa = PBXBuildFile;
			settings = {
			};
		};
		2B8739DE078BC289004B689C = {
			isa = PBXFileReference;
			lastKnownFileType = text.plist.strings;
			name = pt;
			path = pt.lproj/Localizable.strings;
			refType = 4;
			sourceTree = "<group>";
		};
		2B8739E0078BC297004B689C = {
			isa = PBXFileReference;
			lastKnownFileType = text.plist.strings;
			name = Spanish;
			path = Spanish.lproj/Localizable.strings;
			refType = 4;
			sourceTree = "<group>";
		};
		2B873AF0078BCBFE004B689C = {
			children = (
				F506C043013D9D8C01CA16C8,
			);
			isa = PBXVariantGroup;
			name = MySQLStartupPref.nib;
			refType = 4;
			sourceTree = "<group>";
		};
		2B873AF1078BCBFE004B689C = {
			fileRef = 2B873AF0078BCBFE004B689C;
			isa = PBXBuildFile;
			settings = {
			};
		};
		2B873C6A078C7878004B689C = {
			isa = PBXFileReference;
			lastKnownFileType = image.png;
			path = instance_started.png;
			refType = 4;
			sourceTree = "<group>";
		};
		2B873C6B078C7878004B689C = {
			isa = PBXFileReference;
			lastKnownFileType = image.png;
			path = instance_stopped.png;
			refType = 4;
			sourceTree = "<group>";
		};
		2B873C6C078C7878004B689C = {
			fileRef = 2B873C6A078C7878004B689C;
			isa = PBXBuildFile;
			settings = {
			};
		};
		2B873C6D078C7879004B689C = {
			fileRef = 2B873C6B078C7878004B689C;
			isa = PBXBuildFile;
			settings = {
			};
		};
//2B0
//2B1
//2B2
//2B3
//2B4
//320
//321
//322
//323
//324
		32DBCFA10370C40200C91783 = {
			children = (
				2B87327A078B6A2F004B689C,
				32DBCFA20370C41700C91783,
				2B87309A078B64D2004B689C,
				2B87309B078B64D2004B689C,
			);
			isa = PBXGroup;
			name = "Other Sources";
			path = "";
			refType = 4;
			sourceTree = "<group>";
		};
		32DBCFA20370C41700C91783 = {
			fileEncoding = 4;
			isa = PBXFileReference;
			lastKnownFileType = sourcecode.c.h;
			path = MySQLStartup_Prefix.pch;
			refType = 4;
			sourceTree = "<group>";
		};
//320
//321
//322
//323
//324
//8D0
//8D1
//8D2
//8D3
//8D4
		8D202CE80486D31800D8A456 = {
			buildPhases = (
				8D202CE90486D31800D8A456,
				8D202CEC0486D31800D8A456,
				8D202CF00486D31800D8A456,
				8D202CF20486D31800D8A456,
				8D202CF50486D31800D8A456,
				2B6289530842B360001FC0B3,
			);
			buildRules = (
			);
			buildSettings = {
				FRAMEWORK_SEARCH_PATHS = "";
				GCC_ENABLE_TRIGRAPHS = NO;
				GCC_GENERATE_DEBUGGING_SYMBOLS = NO;
				GCC_PRECOMPILE_PREFIX_HEADER = YES;
				GCC_PREFIX_HEADER = MySQLStartup_Prefix.pch;
				GCC_WARN_ABOUT_MISSING_PROTOTYPES = NO;
				GCC_WARN_FOUR_CHARACTER_CONSTANTS = NO;
				GCC_WARN_UNKNOWN_PRAGMAS = NO;
				HEADER_SEARCH_PATHS = "";
				INFOPLIST_FILE = Info.plist;
				INSTALL_PATH = "$(HOME)/Library/PreferencePanes";
				LIBRARY_SEARCH_PATHS = "";
				LIBRARY_STYLE = Bundle;
				OTHER_CFLAGS = "";
				OTHER_LDFLAGS = "-bundle -twolevel_namespace";
				OTHER_REZFLAGS = "";
				PRODUCT_NAME = MySQL;
				SECTORDER_FLAGS = "";
				WARNING_CFLAGS = "-Wmost -Wno-four-char-constants -Wno-unknown-pragmas";
				WRAPPER_EXTENSION = prefPane;
			};
			dependencies = (
				2B6289370842ADA3001FC0B3,
			);
			isa = PBXNativeTarget;
			name = MySQL;
			productInstallPath = "$(HOME)/Library/PreferencePanes";
			productName = MySQL;
			productReference = 8D202CF80486D31800D8A456;
			productType = "com.apple.product-type.bundle";
		};
		8D202CE90486D31800D8A456 = {
			buildActionMask = 2147483647;
			files = (
				8D202CEA0486D31800D8A456,
				8D202CEB0486D31800D8A456,
			);
			isa = PBXHeadersBuildPhase;
			runOnlyForDeploymentPostprocessing = 0;
		};
		8D202CEA0486D31800D8A456 = {
			fileRef = 32DBCFA20370C41700C91783;
			isa = PBXBuildFile;
			settings = {
			};
		};
		8D202CEB0486D31800D8A456 = {
			fileRef = F506C03C013D9D7901CA16C8;
			isa = PBXBuildFile;
			settings = {
			};
		};
		8D202CEC0486D31800D8A456 = {
			buildActionMask = 2147483647;
			files = (
				8D202CED0486D31800D8A456,
				8D202CEE0486D31800D8A456,
				2B873AF1078BCBFE004B689C,
				2B873352078B73A5004B689C,
				2B8739DD078BC285004B689C,
				2B873C6C078C7878004B689C,
				2B873C6D078C7879004B689C,
			);
			isa = PBXResourcesBuildPhase;
			runOnlyForDeploymentPostprocessing = 0;
		};
		8D202CED0486D31800D8A456 = {
			fileRef = 089C167DFE841241C02AAC07;
			isa = PBXBuildFile;
			settings = {
			};
		};
		8D202CEE0486D31800D8A456 = {
			fileRef = F506C040013D9D8001CA16C8;
			isa = PBXBuildFile;
			settings = {
			};
		};
		8D202CF00486D31800D8A456 = {
			buildActionMask = 2147483647;
			files = (
				2B8739B1078BC06D004B689C,
				2B87327C078B6A2F004B689C,
			);
			isa = PBXSourcesBuildPhase;
			runOnlyForDeploymentPostprocessing = 0;
		};
		8D202CF20486D31800D8A456 = {
			buildActionMask = 2147483647;
			files = (
				8D202CF30486D31800D8A456,
				8D202CF40486D31800D8A456,
				2B873242078B69DD004B689C,
			);
			isa = PBXFrameworksBuildPhase;
			runOnlyForDeploymentPostprocessing = 0;
		};
		8D202CF30486D31800D8A456 = {
			fileRef = 1058C7ADFEA557BF11CA2CBB;
			isa = PBXBuildFile;
			settings = {
			};
		};
		8D202CF40486D31800D8A456 = {
			fileRef = F506C035013D953901CA16C8;
			isa = PBXBuildFile;
			settings = {
			};
		};
		8D202CF50486D31800D8A456 = {
			buildActionMask = 2147483647;
			files = (
			);
			isa = PBXRezBuildPhase;
			runOnlyForDeploymentPostprocessing = 0;
		};
		8D202CF70486D31800D8A456 = {
			fileEncoding = 4;
			isa = PBXFileReference;
			lastKnownFileType = text.plist;
			path = Info.plist;
			refType = 4;
			sourceTree = "<group>";
		};
		8D202CF80486D31800D8A456 = {
			explicitFileType = wrapper.cfbundle;
			includeInIndex = 0;
			isa = PBXFileReference;
			path = MySQL.prefPane;
			refType = 3;
			sourceTree = BUILT_PRODUCTS_DIR;
		};
//8D0
//8D1
//8D2
//8D3
//8D4
//F50
//F51
//F52
//F53
//F54
		F506C035013D953901CA16C8 = {
			isa = PBXFileReference;
			lastKnownFileType = wrapper.framework;
			name = PreferencePanes.framework;
			path = /System/Library/Frameworks/PreferencePanes.framework;
			refType = 0;
			sourceTree = "<absolute>";
		};
		F506C03C013D9D7901CA16C8 = {
			fileEncoding = 4;
			isa = PBXFileReference;
			lastKnownFileType = sourcecode.c.h;
			path = MySQLStartupPref.h;
			refType = 4;
			sourceTree = "<group>";
		};
		F506C03D013D9D7901CA16C8 = {
			fileEncoding = 4;
			isa = PBXFileReference;
			lastKnownFileType = sourcecode.c.objc;
			path = MySQLStartupPref.m;
			refType = 4;
			sourceTree = "<group>";
		};
		F506C040013D9D8001CA16C8 = {
			isa = PBXFileReference;
			lastKnownFileType = image.tiff;
			path = MySQLStartupPref.tiff;
			refType = 4;
			sourceTree = "<group>";
		};
		F506C043013D9D8C01CA16C8 = {
			isa = PBXFileReference;
			lastKnownFileType = wrapper.nib;
			name = English;
			path = English.lproj/MySQLStartupPref.nib;
			refType = 4;
			sourceTree = "<group>";
		};
	};
	rootObject = 089C1669FE841209C02AAC07;
}
